
Microsoft Visual Studio Solution File, Format Version 12.00
# Visual Studio Version 17
VisualStudioVersion = 17.14.36121.58 d17.14
MinimumVisualStudioVersion = 10.0.40219.1
Project("{FAE04EC0-301F-11D3-BF4B-00C04F79EFBC}") = "AtividadePOO", "AtividadePOO\AtividadePOO.csproj", "{BCD47324-18C6-4BF0-AA1C-06599D7FBACA}"
EndProject
Global
	GlobalSection(SolutionConfigurationPlatforms) = preSolution
		Debug|Any CPU = Debug|Any CPU
		Release|Any CPU = Release|Any CPU
	EndGlobalSection
	GlobalSection(ProjectConfigurationPlatforms) = postSolution
		{BCD47324-18C6-4BF0-AA1C-06599D7FBACA}.Debug|Any CPU.ActiveCfg = Debug|Any CPU
		{BCD47324-18C6-4BF0-AA1C-06599D7FBACA}.Debug|Any CPU.Build.0 = Debug|Any CPU
		{BCD47324-18C6-4BF0-AA1C-06599D7FBACA}.Release|Any CPU.ActiveCfg = Release|Any CPU
		{BCD47324-18C6-4BF0-AA1C-06599D7FBACA}.Release|Any CPU.Build.0 = Release|Any CPU
	EndGlobalSection
	GlobalSection(SolutionProperties) = preSolution
		HideSolutionNode = FALSE
	EndGlobalSection
	GlobalSection(ExtensibilityGlobals) = postSolution
		SolutionGuid = {F9CEDF32-73AF-4F19-90D7-8043EE5E5545}
	EndGlobalSection
EndGlobal
